
Microsoft Visual Studio Solution File, Format Version 12.00
# Visual Studio Version 17
VisualStudioVersion = 17.5.33516.290
MinimumVisualStudioVersion = 10.0.40219.1
Project("{FAE04EC0-301F-11D3-BF4B-00C04F79EFBC}") = "exercise_1", "exercise_1\exercise_1.csproj", "{FB22D5E7-434B-49F2-86DA-4B40217E6A1F}"
EndProject
Global
	GlobalSection(SolutionConfigurationPlatforms) = preSolution
		Debug|Any CPU = Debug|Any CPU
		Release|Any CPU = Release|Any CPU
	EndGlobalSection
	GlobalSection(ProjectConfigurationPlatforms) = postSolution
		{FB22D5E7-434B-49F2-86DA-4B40217E6A1F}.Debug|Any CPU.ActiveCfg = Debug|Any CPU
		{FB22D5E7-434B-49F2-86DA-4B40217E6A1F}.Debug|Any CPU.Build.0 = Debug|Any CPU
		{FB22D5E7-434B-49F2-86DA-4B40217E6A1F}.Release|Any CPU.ActiveCfg = Release|Any CPU
		{FB22D5E7-434B-49F2-86DA-4B40217E6A1F}.Release|Any CPU.Build.0 = Release|Any CPU
	EndGlobalSection
	GlobalSection(SolutionProperties) = preSolution
		HideSolutionNode = FALSE
	EndGlobalSection
	GlobalSection(ExtensibilityGlobals) = postSolution
		SolutionGuid = {4E315A89-34AF-431F-8452-7CA1C8232AF0}
	EndGlobalSection
EndGlobal
