
Microsoft Visual Studio Solution File, Format Version 12.00
# Visual Studio Version 17
VisualStudioVersion = 17.5.33516.290
MinimumVisualStudioVersion = 10.0.40219.1
Project("{FAE04EC0-301F-11D3-BF4B-00C04F79EFBC}") = "WaterTower", "WaterTower\WaterTower.csproj", "{AAB65AEB-9527-4057-99A5-3AF6A575017F}"
EndProject
Global
	GlobalSection(SolutionConfigurationPlatforms) = preSolution
		Debug|Any CPU = Debug|Any CPU
		Release|Any CPU = Release|Any CPU
	EndGlobalSection
	GlobalSection(ProjectConfigurationPlatforms) = postSolution
		{AAB65AEB-9527-4057-99A5-3AF6A575017F}.Debug|Any CPU.ActiveCfg = Debug|Any CPU
		{AAB65AEB-9527-4057-99A5-3AF6A575017F}.Debug|Any CPU.Build.0 = Debug|Any CPU
		{AAB65AEB-9527-4057-99A5-3AF6A575017F}.Release|Any CPU.ActiveCfg = Release|Any CPU
		{AAB65AEB-9527-4057-99A5-3AF6A575017F}.Release|Any CPU.Build.0 = Release|Any CPU
	EndGlobalSection
	GlobalSection(SolutionProperties) = preSolution
		HideSolutionNode = FALSE
	EndGlobalSection
	GlobalSection(ExtensibilityGlobals) = postSolution
		SolutionGuid = {C143CBF4-8C66-4A80-99F7-EA4E61918149}
	EndGlobalSection
EndGlobal
