
Microsoft Visual Studio Solution File, Format Version 12.00
# Visual Studio Version 17
VisualStudioVersion = 17.6.33723.286
MinimumVisualStudioVersion = 10.0.40219.1
Project("{FAE04EC0-301F-11D3-BF4B-00C04F79EFBC}") = "exercise_1", "exercise_1\exercise_1.csproj", "{1F89CDCE-B9FB-4712-A51E-F236B2C84787}"
EndProject
Global
	GlobalSection(SolutionConfigurationPlatforms) = preSolution
		Debug|Any CPU = Debug|Any CPU
		Release|Any CPU = Release|Any CPU
	EndGlobalSection
	GlobalSection(ProjectConfigurationPlatforms) = postSolution
		{1F89CDCE-B9FB-4712-A51E-F236B2C84787}.Debug|Any CPU.ActiveCfg = Debug|Any CPU
		{1F89CDCE-B9FB-4712-A51E-F236B2C84787}.Debug|Any CPU.Build.0 = Debug|Any CPU
		{1F89CDCE-B9FB-4712-A51E-F236B2C84787}.Release|Any CPU.ActiveCfg = Release|Any CPU
		{1F89CDCE-B9FB-4712-A51E-F236B2C84787}.Release|Any CPU.Build.0 = Release|Any CPU
	EndGlobalSection
	GlobalSection(SolutionProperties) = preSolution
		HideSolutionNode = FALSE
	EndGlobalSection
	GlobalSection(ExtensibilityGlobals) = postSolution
		SolutionGuid = {304576E5-73DC-4FF9-B925-86E5B6F773F9}
	EndGlobalSection
EndGlobal
