
Microsoft Visual Studio Solution File, Format Version 12.00
# Visual Studio Version 17
VisualStudioVersion = 17.6.33723.286
MinimumVisualStudioVersion = 10.0.40219.1
Project("{FAE04EC0-301F-11D3-BF4B-00C04F79EFBC}") = "exercise_1", "exercise_1\exercise_1.csproj", "{8C3B7908-E24F-412B-AC66-54EE08E9E76C}"
EndProject
Global
	GlobalSection(SolutionConfigurationPlatforms) = preSolution
		Debug|Any CPU = Debug|Any CPU
		Release|Any CPU = Release|Any CPU
	EndGlobalSection
	GlobalSection(ProjectConfigurationPlatforms) = postSolution
		{8C3B7908-E24F-412B-AC66-54EE08E9E76C}.Debug|Any CPU.ActiveCfg = Debug|Any CPU
		{8C3B7908-E24F-412B-AC66-54EE08E9E76C}.Debug|Any CPU.Build.0 = Debug|Any CPU
		{8C3B7908-E24F-412B-AC66-54EE08E9E76C}.Release|Any CPU.ActiveCfg = Release|Any CPU
		{8C3B7908-E24F-412B-AC66-54EE08E9E76C}.Release|Any CPU.Build.0 = Release|Any CPU
	EndGlobalSection
	GlobalSection(SolutionProperties) = preSolution
		HideSolutionNode = FALSE
	EndGlobalSection
	GlobalSection(ExtensibilityGlobals) = postSolution
		SolutionGuid = {C1761B90-B556-4944-935D-B1EC6E964777}
	EndGlobalSection
EndGlobal
