
Microsoft Visual Studio Solution File, Format Version 12.00
# Visual Studio Version 17
VisualStudioVersion = 17.5.33516.290
MinimumVisualStudioVersion = 10.0.40219.1
Project("{FAE04EC0-301F-11D3-BF4B-00C04F79EFBC}") = "exercise_2", "exercise_2\exercise_2.csproj", "{DE3766FF-D74E-47C7-AD63-CE88AD38DD51}"
EndProject
Global
	GlobalSection(SolutionConfigurationPlatforms) = preSolution
		Debug|Any CPU = Debug|Any CPU
		Release|Any CPU = Release|Any CPU
	EndGlobalSection
	GlobalSection(ProjectConfigurationPlatforms) = postSolution
		{DE3766FF-D74E-47C7-AD63-CE88AD38DD51}.Debug|Any CPU.ActiveCfg = Debug|Any CPU
		{DE3766FF-D74E-47C7-AD63-CE88AD38DD51}.Debug|Any CPU.Build.0 = Debug|Any CPU
		{DE3766FF-D74E-47C7-AD63-CE88AD38DD51}.Release|Any CPU.ActiveCfg = Release|Any CPU
		{DE3766FF-D74E-47C7-AD63-CE88AD38DD51}.Release|Any CPU.Build.0 = Release|Any CPU
	EndGlobalSection
	GlobalSection(SolutionProperties) = preSolution
		HideSolutionNode = FALSE
	EndGlobalSection
	GlobalSection(ExtensibilityGlobals) = postSolution
		SolutionGuid = {F883F83A-6621-463D-8B65-4C4156998789}
	EndGlobalSection
EndGlobal
