
Microsoft Visual Studio Solution File, Format Version 12.00
# Visual Studio Version 17
VisualStudioVersion = 17.5.33516.290
MinimumVisualStudioVersion = 10.0.40219.1
Project("{FAE04EC0-301F-11D3-BF4B-00C04F79EFBC}") = "exercise_1", "exercise_1\exercise_1.csproj", "{41FFAEB6-B9FB-4385-91DD-5AAC6996D7D8}"
EndProject
Global
	GlobalSection(SolutionConfigurationPlatforms) = preSolution
		Debug|Any CPU = Debug|Any CPU
		Release|Any CPU = Release|Any CPU
	EndGlobalSection
	GlobalSection(ProjectConfigurationPlatforms) = postSolution
		{41FFAEB6-B9FB-4385-91DD-5AAC6996D7D8}.Debug|Any CPU.ActiveCfg = Debug|Any CPU
		{41FFAEB6-B9FB-4385-91DD-5AAC6996D7D8}.Debug|Any CPU.Build.0 = Debug|Any CPU
		{41FFAEB6-B9FB-4385-91DD-5AAC6996D7D8}.Release|Any CPU.ActiveCfg = Release|Any CPU
		{41FFAEB6-B9FB-4385-91DD-5AAC6996D7D8}.Release|Any CPU.Build.0 = Release|Any CPU
	EndGlobalSection
	GlobalSection(SolutionProperties) = preSolution
		HideSolutionNode = FALSE
	EndGlobalSection
	GlobalSection(ExtensibilityGlobals) = postSolution
		SolutionGuid = {D1A5D072-7E0A-4C04-A140-49371D6B984B}
	EndGlobalSection
EndGlobal
